
Microsoft Visual Studio Solution File, Format Version 12.00
# Visual Studio Version 16
VisualStudioVersion = 16.0.31624.102
MinimumVisualStudioVersion = 10.0.40219.1
Project("{FAE04EC0-301F-11D3-BF4B-00C04F79EFBC}") = "LibApp_Gr3", "LibApp_Gr3.csproj", "{B6E734CB-B22D-4669-AAA9-47DE99796FAE}"
EndProject
Global
	GlobalSection(SolutionConfigurationPlatforms) = preSolution
		Debug|Any CPU = Debug|Any CPU
		Release|Any CPU = Release|Any CPU
	EndGlobalSection
	GlobalSection(ProjectConfigurationPlatforms) = postSolution
		{B6E734CB-B22D-4669-AAA9-47DE99796FAE}.Debug|Any CPU.ActiveCfg = Debug|Any CPU
		{B6E734CB-B22D-4669-AAA9-47DE99796FAE}.Debug|Any CPU.Build.0 = Debug|Any CPU
		{B6E734CB-B22D-4669-AAA9-47DE99796FAE}.Release|Any CPU.ActiveCfg = Release|Any CPU
		{B6E734CB-B22D-4669-AAA9-47DE99796FAE}.Release|Any CPU.Build.0 = Release|Any CPU
	EndGlobalSection
	GlobalSection(SolutionProperties) = preSolution
		HideSolutionNode = FALSE
	EndGlobalSection
	GlobalSection(ExtensibilityGlobals) = postSolution
		SolutionGuid = {8F208D81-5BC3-409F-A382-E91B21929C8D}
	EndGlobalSection
EndGlobal
